
Microsoft Visual Studio Solution File, Format Version 12.00
# Visual Studio Version 16
VisualStudioVersion = 16.0.29123.88
MinimumVisualStudioVersion = 10.0.40219.1
Project("{FAE04EC0-301F-11D3-BF4B-00C04F79EFBC}") = "ISMFirstConsoleProject", "ISMFirstConsoleProject\ISMFirstConsoleProject.csproj", "{BF2E2DCE-8304-4FB4-8AD4-72C6AF07D242}"
EndProject
Project("{FAE04EC0-301F-11D3-BF4B-00C04F79EFBC}") = "ISMSecondConsoleProject", "ISMSecondConsoleProject\ISMSecondConsoleProject.csproj", "{B44A20A8-137C-43EA-AA4D-997F2903BD37}"
EndProject
Global
	GlobalSection(SolutionConfigurationPlatforms) = preSolution
		Debug|Any CPU = Debug|Any CPU
		Release|Any CPU = Release|Any CPU
	EndGlobalSection
	GlobalSection(ProjectConfigurationPlatforms) = postSolution
		{BF2E2DCE-8304-4FB4-8AD4-72C6AF07D242}.Debug|Any CPU.ActiveCfg = Debug|Any CPU
		{BF2E2DCE-8304-4FB4-8AD4-72C6AF07D242}.Debug|Any CPU.Build.0 = Debug|Any CPU
		{BF2E2DCE-8304-4FB4-8AD4-72C6AF07D242}.Release|Any CPU.ActiveCfg = Release|Any CPU
		{BF2E2DCE-8304-4FB4-8AD4-72C6AF07D242}.Release|Any CPU.Build.0 = Release|Any CPU
		{B44A20A8-137C-43EA-AA4D-997F2903BD37}.Debug|Any CPU.ActiveCfg = Debug|Any CPU
		{B44A20A8-137C-43EA-AA4D-997F2903BD37}.Debug|Any CPU.Build.0 = Debug|Any CPU
		{B44A20A8-137C-43EA-AA4D-997F2903BD37}.Release|Any CPU.ActiveCfg = Release|Any CPU
		{B44A20A8-137C-43EA-AA4D-997F2903BD37}.Release|Any CPU.Build.0 = Release|Any CPU
	EndGlobalSection
	GlobalSection(SolutionProperties) = preSolution
		HideSolutionNode = FALSE
	EndGlobalSection
	GlobalSection(ExtensibilityGlobals) = postSolution
		SolutionGuid = {5DBB1084-8900-42B1-93A3-F6FD4E906F66}
	EndGlobalSection
EndGlobal
